
Microsoft Visual Studio Solution File, Format Version 12.00
# Visual Studio Version 17
VisualStudioVersion = 17.8.34511.84
MinimumVisualStudioVersion = 10.0.40219.1
Project("{FAE04EC0-301F-11D3-BF4B-00C04F79EFBC}") = "Authentication App", "Authentication App.csproj", "{4E3BF5D3-48B0-49D5-B7EE-9BD30DF9746A}"
EndProject
Global
	GlobalSection(SolutionConfigurationPlatforms) = preSolution
		Debug|Any CPU = Debug|Any CPU
		Release|Any CPU = Release|Any CPU
	EndGlobalSection
	GlobalSection(ProjectConfigurationPlatforms) = postSolution
		{4E3BF5D3-48B0-49D5-B7EE-9BD30DF9746A}.Debug|Any CPU.ActiveCfg = Debug|Any CPU
		{4E3BF5D3-48B0-49D5-B7EE-9BD30DF9746A}.Debug|Any CPU.Build.0 = Debug|Any CPU
		{4E3BF5D3-48B0-49D5-B7EE-9BD30DF9746A}.Release|Any CPU.ActiveCfg = Release|Any CPU
		{4E3BF5D3-48B0-49D5-B7EE-9BD30DF9746A}.Release|Any CPU.Build.0 = Release|Any CPU
	EndGlobalSection
	GlobalSection(SolutionProperties) = preSolution
		HideSolutionNode = FALSE
	EndGlobalSection
	GlobalSection(ExtensibilityGlobals) = postSolution
		SolutionGuid = {F7A7FD14-7B03-410F-9EFC-DF3A37F7E026}
	EndGlobalSection
EndGlobal
